
Microsoft Visual Studio Solution File, Format Version 12.00
# Visual Studio Version 16
VisualStudioVersion = 25.0.1705.1
MinimumVisualStudioVersion = 10.0.40219.1
Project("{FAE04EC0-301F-11D3-BF4B-00C04F79EFBC}") = "Parser", "Parser\Parser.csproj", "{5D74447E-DE04-493D-B01D-6E85B0A09F64}"
EndProject
Project("{FAE04EC0-301F-11D3-BF4B-00C04F79EFBC}") = "Indexer", "Indexer\Indexer.csproj", "{63594747-9F1E-4DCA-ABBA-E28641636303}"
EndProject
Project("{FAE04EC0-301F-11D3-BF4B-00C04F79EFBC}") = "Searcher", "Searcher\Searcher.csproj", "{9AD4E269-E3C4-4DA2-AC16-3AED48183080}"
EndProject
Global
	GlobalSection(SolutionConfigurationPlatforms) = preSolution
		Debug|Any CPU = Debug|Any CPU
		Release|Any CPU = Release|Any CPU
	EndGlobalSection
	GlobalSection(ProjectConfigurationPlatforms) = postSolution
		{5D74447E-DE04-493D-B01D-6E85B0A09F64}.Debug|Any CPU.ActiveCfg = Debug|Any CPU
		{5D74447E-DE04-493D-B01D-6E85B0A09F64}.Debug|Any CPU.Build.0 = Debug|Any CPU
		{5D74447E-DE04-493D-B01D-6E85B0A09F64}.Release|Any CPU.ActiveCfg = Release|Any CPU
		{5D74447E-DE04-493D-B01D-6E85B0A09F64}.Release|Any CPU.Build.0 = Release|Any CPU
		{63594747-9F1E-4DCA-ABBA-E28641636303}.Debug|Any CPU.ActiveCfg = Debug|Any CPU
		{63594747-9F1E-4DCA-ABBA-E28641636303}.Debug|Any CPU.Build.0 = Debug|Any CPU
		{63594747-9F1E-4DCA-ABBA-E28641636303}.Release|Any CPU.ActiveCfg = Release|Any CPU
		{63594747-9F1E-4DCA-ABBA-E28641636303}.Release|Any CPU.Build.0 = Release|Any CPU
		{9AD4E269-E3C4-4DA2-AC16-3AED48183080}.Debug|Any CPU.ActiveCfg = Debug|Any CPU
		{9AD4E269-E3C4-4DA2-AC16-3AED48183080}.Debug|Any CPU.Build.0 = Debug|Any CPU
		{9AD4E269-E3C4-4DA2-AC16-3AED48183080}.Release|Any CPU.ActiveCfg = Release|Any CPU
		{9AD4E269-E3C4-4DA2-AC16-3AED48183080}.Release|Any CPU.Build.0 = Release|Any CPU
	EndGlobalSection
	GlobalSection(SolutionProperties) = preSolution
		HideSolutionNode = FALSE
	EndGlobalSection
	GlobalSection(ExtensibilityGlobals) = postSolution
		SolutionGuid = {70A3A58C-CCA6-417C-9336-541F317E0050}
	EndGlobalSection
EndGlobal
